
Microsoft Visual Studio Solution File, Format Version 12.00
# Visual Studio Version 16
VisualStudioVersion = 16.0.30413.136
MinimumVisualStudioVersion = 10.0.40219.1
Project("{FAE04EC0-301F-11D3-BF4B-00C04F79EFBC}") = "ConsoleApp3", "ConsoleApp3\ConsoleApp3.csproj", "{7ECEF2DC-82DB-403B-8F1D-F523716C963F}"
EndProject
Global
	GlobalSection(SolutionConfigurationPlatforms) = preSolution
		Debug|Any CPU = Debug|Any CPU
		Release|Any CPU = Release|Any CPU
	EndGlobalSection
	GlobalSection(ProjectConfigurationPlatforms) = postSolution
		{7ECEF2DC-82DB-403B-8F1D-F523716C963F}.Debug|Any CPU.ActiveCfg = Debug|Any CPU
		{7ECEF2DC-82DB-403B-8F1D-F523716C963F}.Debug|Any CPU.Build.0 = Debug|Any CPU
		{7ECEF2DC-82DB-403B-8F1D-F523716C963F}.Release|Any CPU.ActiveCfg = Release|Any CPU
		{7ECEF2DC-82DB-403B-8F1D-F523716C963F}.Release|Any CPU.Build.0 = Release|Any CPU
	EndGlobalSection
	GlobalSection(SolutionProperties) = preSolution
		HideSolutionNode = FALSE
	EndGlobalSection
	GlobalSection(ExtensibilityGlobals) = postSolution
		SolutionGuid = {580D2621-CC02-4BD5-B6FD-EF49664D315E}
	EndGlobalSection
EndGlobal
